// !$*UTF8*$!
{
	archiveVersion = 1;
	classes = {
	};
	objectVersion = 56;
	objects = {

/* Begin PBXBuildFile section */
		FD257F552C0F55730051669B /* ActionSheetExample.swift in Sources */ = {isa = PBXBuildFile; fileRef = FD257F542C0F55730051669B /* ActionSheetExample.swift */; };
		FD257F582C0F56470051669B /* HKActivityRingViewRepresentable.swift in Sources */ = {isa = PBXBuildFile; fileRef = FD257F572C0F56470051669B /* HKActivityRingViewRepresentable.swift */; };
		FD257F5A2C0F58000051669B /* ActivityRingExample.swift in Sources */ = {isa = PBXBuildFile; fileRef = FD257F592C0F58000051669B /* ActivityRingExample.swift */; };
		FD257F5D2C0F59410051669B /* ShareSheetExample.swift in Sources */ = {isa = PBXBuildFile; fileRef = FD257F5C2C0F59410051669B /* ShareSheetExample.swift */; };
		FD257F602C0F59EC0051669B /* AlertExample.swift in Sources */ = {isa = PBXBuildFile; fileRef = FD257F5F2C0F59EC0051669B /* AlertExample.swift */; };
		FD257F632C0F5A3D0051669B /* ButtonExample.swift in Sources */ = {isa = PBXBuildFile; fileRef = FD257F622C0F5A3D0051669B /* ButtonExample.swift */; };
		FD257F682C0F5A7B0051669B /* Movie.swift in Sources */ = {isa = PBXBuildFile; fileRef = FD257F662C0F5A7B0051669B /* Movie.swift */; };
		FD257F692C0F5A7B0051669B /* BarChart.swift in Sources */ = {isa = PBXBuildFile; fileRef = FD257F672C0F5A7B0051669B /* BarChart.swift */; };
		FD257F6C2C0F5AD30051669B /* ColorPickerExample.swift in Sources */ = {isa = PBXBuildFile; fileRef = FD257F6B2C0F5AD30051669B /* ColorPickerExample.swift */; };
		FD257F6F2C0F5B150051669B /* DisclosureGroupExample.swift in Sources */ = {isa = PBXBuildFile; fileRef = FD257F6E2C0F5B150051669B /* DisclosureGroupExample.swift */; };
		FD257F742C0F5B750051669B /* SimpleGaugeExample.swift in Sources */ = {isa = PBXBuildFile; fileRef = FD257F712C0F5B750051669B /* SimpleGaugeExample.swift */; };
		FD257F752C0F5B750051669B /* CircularGaugeExample.swift in Sources */ = {isa = PBXBuildFile; fileRef = FD257F722C0F5B750051669B /* CircularGaugeExample.swift */; };
		FD257F762C0F5B750051669B /* LabeledGaugeExample.swift in Sources */ = {isa = PBXBuildFile; fileRef = FD257F732C0F5B750051669B /* LabeledGaugeExample.swift */; };
		FD257F792C0F5C970051669B /* GroupBoxExample.swift in Sources */ = {isa = PBXBuildFile; fileRef = FD257F782C0F5C970051669B /* GroupBoxExample.swift */; };
		FD257F7C2C0F5D0E0051669B /* ImageView.swift in Sources */ = {isa = PBXBuildFile; fileRef = FD257F7B2C0F5D0E0051669B /* ImageView.swift */; };
		FD257F7F2C0F5D890051669B /* LabelExample.swift in Sources */ = {isa = PBXBuildFile; fileRef = FD257F7E2C0F5D890051669B /* LabelExample.swift */; };
		FD257F832C0F5DBD0051669B /* CustomLinkButton.swift in Sources */ = {isa = PBXBuildFile; fileRef = FD257F812C0F5DBD0051669B /* CustomLinkButton.swift */; };
		FD257F842C0F5DBD0051669B /* LinkExample.swift in Sources */ = {isa = PBXBuildFile; fileRef = FD257F822C0F5DBD0051669B /* LinkExample.swift */; };
		FD257F892C0F5E600051669B /* ListWithoutIdentifiable.swift in Sources */ = {isa = PBXBuildFile; fileRef = FD257F862C0F5E600051669B /* ListWithoutIdentifiable.swift */; };
		FD257F8A2C0F5E600051669B /* ListSeparatorHidden.swift in Sources */ = {isa = PBXBuildFile; fileRef = FD257F872C0F5E600051669B /* ListSeparatorHidden.swift */; };
		FD257F8B2C0F5E600051669B /* ListIdentifiable.swift in Sources */ = {isa = PBXBuildFile; fileRef = FD257F882C0F5E600051669B /* ListIdentifiable.swift */; };
		FD257F8E2C0F5F190051669B /* MenuExample.swift in Sources */ = {isa = PBXBuildFile; fileRef = FD257F8D2C0F5F180051669B /* MenuExample.swift */; };
		FD257F912C0F5F6D0051669B /* PageControlExample.swift in Sources */ = {isa = PBXBuildFile; fileRef = FD257F902C0F5F6D0051669B /* PageControlExample.swift */; };
		FD257F942C0F5FAF0051669B /* TabBarExample.swift in Sources */ = {isa = PBXBuildFile; fileRef = FD257F932C0F5FAF0051669B /* TabBarExample.swift */; };
		FD257F972C0F605D0051669B /* PickerExample.swift in Sources */ = {isa = PBXBuildFile; fileRef = FD257F962C0F605D0051669B /* PickerExample.swift */; };
		FD257F9A2C0F60A50051669B /* PopoverExample.swift in Sources */ = {isa = PBXBuildFile; fileRef = FD257F992C0F60A50051669B /* PopoverExample.swift */; };
		FD257F9D2C0F60EA0051669B /* ProgressIndicatorExample.swift in Sources */ = {isa = PBXBuildFile; fileRef = FD257F9C2C0F60EA0051669B /* ProgressIndicatorExample.swift */; };
		FD257FA02C0F61370051669B /* ScrollViewExample.swift in Sources */ = {isa = PBXBuildFile; fileRef = FD257F9F2C0F61370051669B /* ScrollViewExample.swift */; };
		FD257FA32C0F61900051669B /* SegmentedControlExample.swift in Sources */ = {isa = PBXBuildFile; fileRef = FD257FA22C0F61900051669B /* SegmentedControlExample.swift */; };
		FD257FA62C0F61CA0051669B /* SheetExample.swift in Sources */ = {isa = PBXBuildFile; fileRef = FD257FA52C0F61CA0051669B /* SheetExample.swift */; };
		FD257FA92C0F62140051669B /* SliderExample.swift in Sources */ = {isa = PBXBuildFile; fileRef = FD257FA82C0F62130051669B /* SliderExample.swift */; };
		FD257FAD2C0F62510051669B /* ThreeColumnSplitView.swift in Sources */ = {isa = PBXBuildFile; fileRef = FD257FAB2C0F62510051669B /* ThreeColumnSplitView.swift */; };
		FD257FAE2C0F62510051669B /* SplitView.swift in Sources */ = {isa = PBXBuildFile; fileRef = FD257FAC2C0F62510051669B /* SplitView.swift */; };
		FD257FB12C0F62D80051669B /* StepperExample.swift in Sources */ = {isa = PBXBuildFile; fileRef = FD257FB02C0F62D80051669B /* StepperExample.swift */; };
		FD257FB92C0F632A0051669B /* TableColumnWidth.swift in Sources */ = {isa = PBXBuildFile; fileRef = FD257FB32C0F632A0051669B /* TableColumnWidth.swift */; };
		FD257FBA2C0F632A0051669B /* TableStaticRow.swift in Sources */ = {isa = PBXBuildFile; fileRef = FD257FB42C0F632A0051669B /* TableStaticRow.swift */; };
		FD257FBB2C0F632A0051669B /* TableSelection.swift in Sources */ = {isa = PBXBuildFile; fileRef = FD257FB52C0F632A0051669B /* TableSelection.swift */; };
		FD257FBC2C0F632A0051669B /* TableDisclosureRow.swift in Sources */ = {isa = PBXBuildFile; fileRef = FD257FB62C0F632A0051669B /* TableDisclosureRow.swift */; };
		FD257FBD2C0F632A0051669B /* TableExample.swift in Sources */ = {isa = PBXBuildFile; fileRef = FD257FB72C0F632A0051669B /* TableExample.swift */; };
		FD257FBE2C0F632A0051669B /* TableSorting.swift in Sources */ = {isa = PBXBuildFile; fileRef = FD257FB82C0F632A0051669B /* TableSorting.swift */; };
		FD257FC12C0F647F0051669B /* TextExample.swift in Sources */ = {isa = PBXBuildFile; fileRef = FD257FC02C0F647F0051669B /* TextExample.swift */; };
		FD257FC42C0F64BC0051669B /* TextFieldExample.swift in Sources */ = {isa = PBXBuildFile; fileRef = FD257FC32C0F64BC0051669B /* TextFieldExample.swift */; };
		FD257FC72C0F650E0051669B /* ToggleExample.swift in Sources */ = {isa = PBXBuildFile; fileRef = FD257FC62C0F650E0051669B /* ToggleExample.swift */; };
		FD257FCA2C0F65650051669B /* ToolbarExample.swift in Sources */ = {isa = PBXBuildFile; fileRef = FD257FC92C0F65650051669B /* ToolbarExample.swift */; };
		FD257FCD2C0F65E20051669B /* TextInputTypeExample.swift in Sources */ = {isa = PBXBuildFile; fileRef = FD257FCC2C0F65E20051669B /* TextInputTypeExample.swift */; };
		FD257FD32C122C510051669B /* SRP_Before.swift in Sources */ = {isa = PBXBuildFile; fileRef = FD257FD22C122C510051669B /* SRP_Before.swift */; };
		FD257FD52C122C5B0051669B /* SRP_After.swift in Sources */ = {isa = PBXBuildFile; fileRef = FD257FD42C122C5B0051669B /* SRP_After.swift */; };
		FD2F47582C21E67500CEE499 /* ShippingForm.swift in Sources */ = {isa = PBXBuildFile; fileRef = FD2F47572C21E67500CEE499 /* ShippingForm.swift */; };
		FD2F475A2C21E92900CEE499 /* ShippingAddress.swift in Sources */ = {isa = PBXBuildFile; fileRef = FD2F47592C21E92900CEE499 /* ShippingAddress.swift */; };
		FD2F475C2C21F19800CEE499 /* TextInputField.swift in Sources */ = {isa = PBXBuildFile; fileRef = FD2F475B2C21F19800CEE499 /* TextInputField.swift */; };
		FD34BF152C0B28AF0078C1CB /* SwiftUI_All_RoundersApp.swift in Sources */ = {isa = PBXBuildFile; fileRef = FD34BF142C0B28AF0078C1CB /* SwiftUI_All_RoundersApp.swift */; };
		FD34BF172C0B28AF0078C1CB /* ContentView.swift in Sources */ = {isa = PBXBuildFile; fileRef = FD34BF162C0B28AF0078C1CB /* ContentView.swift */; };
		FD34BF192C0B28B30078C1CB /* Assets.xcassets in Resources */ = {isa = PBXBuildFile; fileRef = FD34BF182C0B28B30078C1CB /* Assets.xcassets */; };
		FD34BF1C2C0B28B30078C1CB /* Preview Assets.xcassets in Resources */ = {isa = PBXBuildFile; fileRef = FD34BF1B2C0B28B30078C1CB /* Preview Assets.xcassets */; };
		FD34BF282C0B2C740078C1CB /* WebView.swift in Sources */ = {isa = PBXBuildFile; fileRef = FD34BF272C0B2C740078C1CB /* WebView.swift */; };
		FD34BF2A2C0B41350078C1CB /* WebViewInSwiftUI.swift in Sources */ = {isa = PBXBuildFile; fileRef = FD34BF292C0B41350078C1CB /* WebViewInSwiftUI.swift */; };
		FD62D2142C145C9D00ED7E79 /* OCP_Before.swift in Sources */ = {isa = PBXBuildFile; fileRef = FD62D2132C145C9D00ED7E79 /* OCP_Before.swift */; };
		FD62D2162C145CA600ED7E79 /* OCP_After.swift in Sources */ = {isa = PBXBuildFile; fileRef = FD62D2152C145CA600ED7E79 /* OCP_After.swift */; };
		FD62D2182C14674500ED7E79 /* LSP_Before.swift in Sources */ = {isa = PBXBuildFile; fileRef = FD62D2172C14674500ED7E79 /* LSP_Before.swift */; };
		FD62D21A2C14674F00ED7E79 /* LSP_After.swift in Sources */ = {isa = PBXBuildFile; fileRef = FD62D2192C14674F00ED7E79 /* LSP_After.swift */; };
		FD62D21C2C1470B800ED7E79 /* ISP_Before.swift in Sources */ = {isa = PBXBuildFile; fileRef = FD62D21B2C1470B800ED7E79 /* ISP_Before.swift */; };
		FD62D21E2C1470C200ED7E79 /* ISP_After.swift in Sources */ = {isa = PBXBuildFile; fileRef = FD62D21D2C1470C200ED7E79 /* ISP_After.swift */; };
		FD62D2202C147D1200ED7E79 /* DIP_Before.swift in Sources */ = {isa = PBXBuildFile; fileRef = FD62D21F2C147D1200ED7E79 /* DIP_Before.swift */; };
		FD62D2222C147D1E00ED7E79 /* DIP_After.swift in Sources */ = {isa = PBXBuildFile; fileRef = FD62D2212C147D1E00ED7E79 /* DIP_After.swift */; };
		FD62D2262C1D95A500ED7E79 /* FromParentToDirectChild.swift in Sources */ = {isa = PBXBuildFile; fileRef = FD62D2252C1D95A500ED7E79 /* FromParentToDirectChild.swift */; };
		FD62D2292C1D970300ED7E79 /* FromParentToDistantChild.swift in Sources */ = {isa = PBXBuildFile; fileRef = FD62D2282C1D970300ED7E79 /* FromParentToDistantChild.swift */; };
		FD62D22B2C1DA5A000ED7E79 /* FromParentToDistantChildExample.swift in Sources */ = {isa = PBXBuildFile; fileRef = FD62D22A2C1DA5A000ED7E79 /* FromParentToDistantChildExample.swift */; };
		FD62D22F2C1E98F100ED7E79 /* FirstView.swift in Sources */ = {isa = PBXBuildFile; fileRef = FD62D22E2C1E98F100ED7E79 /* FirstView.swift */; };
		FD62D2312C1E98F900ED7E79 /* SecondView.swift in Sources */ = {isa = PBXBuildFile; fileRef = FD62D2302C1E98F900ED7E79 /* SecondView.swift */; };
		FD62D2332C1E990500ED7E79 /* PurchaseView.swift in Sources */ = {isa = PBXBuildFile; fileRef = FD62D2322C1E990500ED7E79 /* PurchaseView.swift */; };
		FD62D2352C1E992F00ED7E79 /* AppStoreService.swift in Sources */ = {isa = PBXBuildFile; fileRef = FD62D2342C1E992F00ED7E79 /* AppStoreService.swift */; };
		FD62D2372C1E994A00ED7E79 /* BackgroundViewModifier.swift in Sources */ = {isa = PBXBuildFile; fileRef = FD62D2362C1E994A00ED7E79 /* BackgroundViewModifier.swift */; };
		FD62D2392C1E995900ED7E79 /* AppEntry.swift in Sources */ = {isa = PBXBuildFile; fileRef = FD62D2382C1E995900ED7E79 /* AppEntry.swift */; };
		FD62D23D2C1EA22B00ED7E79 /* AppColorKey.swift in Sources */ = {isa = PBXBuildFile; fileRef = FD62D23C2C1EA22B00ED7E79 /* AppColorKey.swift */; };
		FD62D23F2C1ED96400ED7E79 /* AppPurchaseTheme.swift in Sources */ = {isa = PBXBuildFile; fileRef = FD62D23E2C1ED96400ED7E79 /* AppPurchaseTheme.swift */; };
		FD62D2412C1EDA7D00ED7E79 /* AppThemeKey.swift in Sources */ = {isa = PBXBuildFile; fileRef = FD62D2402C1EDA7D00ED7E79 /* AppThemeKey.swift */; };
		FD62D2442C1EE59E00ED7E79 /* CustomEnvironmentKeysApp.swift in Sources */ = {isa = PBXBuildFile; fileRef = FD62D2432C1EE59E00ED7E79 /* CustomEnvironmentKeysApp.swift */; };
		FD62D2482C1EE60E00ED7E79 /* CustomEnvironmentKeysView.swift in Sources */ = {isa = PBXBuildFile; fileRef = FD62D2472C1EE60E00ED7E79 /* CustomEnvironmentKeysView.swift */; };
		FD62D24B2C1EE65000ED7E79 /* SafeAreaKey.swift in Sources */ = {isa = PBXBuildFile; fileRef = FD62D24A2C1EE65000ED7E79 /* SafeAreaKey.swift */; };
		FDDEECEA2C0DFC8E0025E562 /* ImagePickerView.swift in Sources */ = {isa = PBXBuildFile; fileRef = FDDEECE92C0DFC8E0025E562 /* ImagePickerView.swift */; };
		FDDEECEC2C0E04340025E562 /* ImagePicker.swift in Sources */ = {isa = PBXBuildFile; fileRef = FDDEECEB2C0E04340025E562 /* ImagePicker.swift */; };
/* End PBXBuildFile section */

/* Begin PBXFileReference section */
		FD257F542C0F55730051669B /* ActionSheetExample.swift */ = {isa = PBXFileReference; lastKnownFileType = sourcecode.swift; path = ActionSheetExample.swift; sourceTree = "<group>"; };
		FD257F572C0F56470051669B /* HKActivityRingViewRepresentable.swift */ = {isa = PBXFileReference; lastKnownFileType = sourcecode.swift; path = HKActivityRingViewRepresentable.swift; sourceTree = "<group>"; };
		FD257F592C0F58000051669B /* ActivityRingExample.swift */ = {isa = PBXFileReference; lastKnownFileType = sourcecode.swift; path = ActivityRingExample.swift; sourceTree = "<group>"; };
		FD257F5C2C0F59410051669B /* ShareSheetExample.swift */ = {isa = PBXFileReference; lastKnownFileType = sourcecode.swift; path = ShareSheetExample.swift; sourceTree = "<group>"; };
		FD257F5F2C0F59EC0051669B /* AlertExample.swift */ = {isa = PBXFileReference; lastKnownFileType = sourcecode.swift; path = AlertExample.swift; sourceTree = "<group>"; };
		FD257F622C0F5A3D0051669B /* ButtonExample.swift */ = {isa = PBXFileReference; lastKnownFileType = sourcecode.swift; path = ButtonExample.swift; sourceTree = "<group>"; };
		FD257F662C0F5A7B0051669B /* Movie.swift */ = {isa = PBXFileReference; fileEncoding = 4; lastKnownFileType = sourcecode.swift; path = Movie.swift; sourceTree = "<group>"; };
		FD257F672C0F5A7B0051669B /* BarChart.swift */ = {isa = PBXFileReference; fileEncoding = 4; lastKnownFileType = sourcecode.swift; path = BarChart.swift; sourceTree = "<group>"; };
		FD257F6B2C0F5AD30051669B /* ColorPickerExample.swift */ = {isa = PBXFileReference; fileEncoding = 4; lastKnownFileType = sourcecode.swift; path = ColorPickerExample.swift; sourceTree = "<group>"; };
		FD257F6E2C0F5B150051669B /* DisclosureGroupExample.swift */ = {isa = PBXFileReference; fileEncoding = 4; lastKnownFileType = sourcecode.swift; path = DisclosureGroupExample.swift; sourceTree = "<group>"; };
		FD257F712C0F5B750051669B /* SimpleGaugeExample.swift */ = {isa = PBXFileReference; fileEncoding = 4; lastKnownFileType = sourcecode.swift; path = SimpleGaugeExample.swift; sourceTree = "<group>"; };
		FD257F722C0F5B750051669B /* CircularGaugeExample.swift */ = {isa = PBXFileReference; fileEncoding = 4; lastKnownFileType = sourcecode.swift; path = CircularGaugeExample.swift; sourceTree = "<group>"; };
		FD257F732C0F5B750051669B /* LabeledGaugeExample.swift */ = {isa = PBXFileReference; fileEncoding = 4; lastKnownFileType = sourcecode.swift; path = LabeledGaugeExample.swift; sourceTree = "<group>"; };
		FD257F782C0F5C970051669B /* GroupBoxExample.swift */ = {isa = PBXFileReference; fileEncoding = 4; lastKnownFileType = sourcecode.swift; path = GroupBoxExample.swift; sourceTree = "<group>"; };
		FD257F7B2C0F5D0E0051669B /* ImageView.swift */ = {isa = PBXFileReference; fileEncoding = 4; lastKnownFileType = sourcecode.swift; path = ImageView.swift; sourceTree = "<group>"; };
		FD257F7E2C0F5D890051669B /* LabelExample.swift */ = {isa = PBXFileReference; fileEncoding = 4; lastKnownFileType = sourcecode.swift; path = LabelExample.swift; sourceTree = "<group>"; };
		FD257F812C0F5DBD0051669B /* CustomLinkButton.swift */ = {isa = PBXFileReference; fileEncoding = 4; lastKnownFileType = sourcecode.swift; path = CustomLinkButton.swift; sourceTree = "<group>"; };
		FD257F822C0F5DBD0051669B /* LinkExample.swift */ = {isa = PBXFileReference; fileEncoding = 4; lastKnownFileType = sourcecode.swift; path = LinkExample.swift; sourceTree = "<group>"; };
		FD257F862C0F5E600051669B /* ListWithoutIdentifiable.swift */ = {isa = PBXFileReference; fileEncoding = 4; lastKnownFileType = sourcecode.swift; path = ListWithoutIdentifiable.swift; sourceTree = "<group>"; };
		FD257F872C0F5E600051669B /* ListSeparatorHidden.swift */ = {isa = PBXFileReference; fileEncoding = 4; lastKnownFileType = sourcecode.swift; path = ListSeparatorHidden.swift; sourceTree = "<group>"; };
		FD257F882C0F5E600051669B /* ListIdentifiable.swift */ = {isa = PBXFileReference; fileEncoding = 4; lastKnownFileType = sourcecode.swift; path = ListIdentifiable.swift; sourceTree = "<group>"; };
		FD257F8D2C0F5F180051669B /* MenuExample.swift */ = {isa = PBXFileReference; fileEncoding = 4; lastKnownFileType = sourcecode.swift; path = MenuExample.swift; sourceTree = "<group>"; };
		FD257F902C0F5F6D0051669B /* PageControlExample.swift */ = {isa = PBXFileReference; fileEncoding = 4; lastKnownFileType = sourcecode.swift; path = PageControlExample.swift; sourceTree = "<group>"; };
		FD257F932C0F5FAF0051669B /* TabBarExample.swift */ = {isa = PBXFileReference; fileEncoding = 4; lastKnownFileType = sourcecode.swift; path = TabBarExample.swift; sourceTree = "<group>"; };
		FD257F962C0F605D0051669B /* PickerExample.swift */ = {isa = PBXFileReference; fileEncoding = 4; lastKnownFileType = sourcecode.swift; path = PickerExample.swift; sourceTree = "<group>"; };
		FD257F992C0F60A50051669B /* PopoverExample.swift */ = {isa = PBXFileReference; fileEncoding = 4; lastKnownFileType = sourcecode.swift; path = PopoverExample.swift; sourceTree = "<group>"; };
		FD257F9C2C0F60EA0051669B /* ProgressIndicatorExample.swift */ = {isa = PBXFileReference; fileEncoding = 4; lastKnownFileType = sourcecode.swift; path = ProgressIndicatorExample.swift; sourceTree = "<group>"; };
		FD257F9F2C0F61370051669B /* ScrollViewExample.swift */ = {isa = PBXFileReference; fileEncoding = 4; lastKnownFileType = sourcecode.swift; path = ScrollViewExample.swift; sourceTree = "<group>"; };
		FD257FA22C0F61900051669B /* SegmentedControlExample.swift */ = {isa = PBXFileReference; fileEncoding = 4; lastKnownFileType = sourcecode.swift; path = SegmentedControlExample.swift; sourceTree = "<group>"; };
		FD257FA52C0F61CA0051669B /* SheetExample.swift */ = {isa = PBXFileReference; fileEncoding = 4; lastKnownFileType = sourcecode.swift; path = SheetExample.swift; sourceTree = "<group>"; };
		FD257FA82C0F62130051669B /* SliderExample.swift */ = {isa = PBXFileReference; fileEncoding = 4; lastKnownFileType = sourcecode.swift; path = SliderExample.swift; sourceTree = "<group>"; };
		FD257FAB2C0F62510051669B /* ThreeColumnSplitView.swift */ = {isa = PBXFileReference; fileEncoding = 4; lastKnownFileType = sourcecode.swift; path = ThreeColumnSplitView.swift; sourceTree = "<group>"; };
		FD257FAC2C0F62510051669B /* SplitView.swift */ = {isa = PBXFileReference; fileEncoding = 4; lastKnownFileType = sourcecode.swift; path = SplitView.swift; sourceTree = "<group>"; };
		FD257FB02C0F62D80051669B /* StepperExample.swift */ = {isa = PBXFileReference; fileEncoding = 4; lastKnownFileType = sourcecode.swift; path = StepperExample.swift; sourceTree = "<group>"; };
		FD257FB32C0F632A0051669B /* TableColumnWidth.swift */ = {isa = PBXFileReference; fileEncoding = 4; lastKnownFileType = sourcecode.swift; path = TableColumnWidth.swift; sourceTree = "<group>"; };
		FD257FB42C0F632A0051669B /* TableStaticRow.swift */ = {isa = PBXFileReference; fileEncoding = 4; lastKnownFileType = sourcecode.swift; path = TableStaticRow.swift; sourceTree = "<group>"; };
		FD257FB52C0F632A0051669B /* TableSelection.swift */ = {isa = PBXFileReference; fileEncoding = 4; lastKnownFileType = sourcecode.swift; path = TableSelection.swift; sourceTree = "<group>"; };
		FD257FB62C0F632A0051669B /* TableDisclosureRow.swift */ = {isa = PBXFileReference; fileEncoding = 4; lastKnownFileType = sourcecode.swift; path = TableDisclosureRow.swift; sourceTree = "<group>"; };
		FD257FB72C0F632A0051669B /* TableExample.swift */ = {isa = PBXFileReference; fileEncoding = 4; lastKnownFileType = sourcecode.swift; path = TableExample.swift; sourceTree = "<group>"; };
		FD257FB82C0F632A0051669B /* TableSorting.swift */ = {isa = PBXFileReference; fileEncoding = 4; lastKnownFileType = sourcecode.swift; path = TableSorting.swift; sourceTree = "<group>"; };
		FD257FC02C0F647F0051669B /* TextExample.swift */ = {isa = PBXFileReference; fileEncoding = 4; lastKnownFileType = sourcecode.swift; path = TextExample.swift; sourceTree = "<group>"; };
		FD257FC32C0F64BC0051669B /* TextFieldExample.swift */ = {isa = PBXFileReference; fileEncoding = 4; lastKnownFileType = sourcecode.swift; path = TextFieldExample.swift; sourceTree = "<group>"; };
		FD257FC62C0F650E0051669B /* ToggleExample.swift */ = {isa = PBXFileReference; fileEncoding = 4; lastKnownFileType = sourcecode.swift; path = ToggleExample.swift; sourceTree = "<group>"; };
		FD257FC92C0F65650051669B /* ToolbarExample.swift */ = {isa = PBXFileReference; fileEncoding = 4; lastKnownFileType = sourcecode.swift; path = ToolbarExample.swift; sourceTree = "<group>"; };
		FD257FCC2C0F65E20051669B /* TextInputTypeExample.swift */ = {isa = PBXFileReference; fileEncoding = 4; lastKnownFileType = sourcecode.swift; path = TextInputTypeExample.swift; sourceTree = "<group>"; };
		FD257FCF2C1222E40051669B /* SOLID.md */ = {isa = PBXFileReference; lastKnownFileType = net.daringfireball.markdown; path = SOLID.md; sourceTree = "<group>"; };
		FD257FD22C122C510051669B /* SRP_Before.swift */ = {isa = PBXFileReference; lastKnownFileType = sourcecode.swift; path = SRP_Before.swift; sourceTree = "<group>"; };
		FD257FD42C122C5B0051669B /* SRP_After.swift */ = {isa = PBXFileReference; lastKnownFileType = sourcecode.swift; path = SRP_After.swift; sourceTree = "<group>"; };
		FD2F47572C21E67500CEE499 /* ShippingForm.swift */ = {isa = PBXFileReference; lastKnownFileType = sourcecode.swift; path = ShippingForm.swift; sourceTree = "<group>"; };
		FD2F47592C21E92900CEE499 /* ShippingAddress.swift */ = {isa = PBXFileReference; lastKnownFileType = sourcecode.swift; path = ShippingAddress.swift; sourceTree = "<group>"; };
		FD2F475B2C21F19800CEE499 /* TextInputField.swift */ = {isa = PBXFileReference; lastKnownFileType = sourcecode.swift; path = TextInputField.swift; sourceTree = "<group>"; };
		FD34BF112C0B28AF0078C1CB /* SwiftUI_All_Rounders.app */ = {isa = PBXFileReference; explicitFileType = wrapper.application; includeInIndex = 0; path = SwiftUI_All_Rounders.app; sourceTree = BUILT_PRODUCTS_DIR; };
		FD34BF142C0B28AF0078C1CB /* SwiftUI_All_RoundersApp.swift */ = {isa = PBXFileReference; lastKnownFileType = sourcecode.swift; path = SwiftUI_All_RoundersApp.swift; sourceTree = "<group>"; };
		FD34BF162C0B28AF0078C1CB /* ContentView.swift */ = {isa = PBXFileReference; lastKnownFileType = sourcecode.swift; path = ContentView.swift; sourceTree = "<group>"; };
		FD34BF182C0B28B30078C1CB /* Assets.xcassets */ = {isa = PBXFileReference; lastKnownFileType = folder.assetcatalog; path = Assets.xcassets; sourceTree = "<group>"; };
		FD34BF1B2C0B28B30078C1CB /* Preview Assets.xcassets */ = {isa = PBXFileReference; lastKnownFileType = folder.assetcatalog; path = "Preview Assets.xcassets"; sourceTree = "<group>"; };
		FD34BF272C0B2C740078C1CB /* WebView.swift */ = {isa = PBXFileReference; lastKnownFileType = sourcecode.swift; path = WebView.swift; sourceTree = "<group>"; };
		FD34BF292C0B41350078C1CB /* WebViewInSwiftUI.swift */ = {isa = PBXFileReference; lastKnownFileType = sourcecode.swift; path = WebViewInSwiftUI.swift; sourceTree = "<group>"; };
		FD62D2132C145C9D00ED7E79 /* OCP_Before.swift */ = {isa = PBXFileReference; lastKnownFileType = sourcecode.swift; path = OCP_Before.swift; sourceTree = "<group>"; };
		FD62D2152C145CA600ED7E79 /* OCP_After.swift */ = {isa = PBXFileReference; lastKnownFileType = sourcecode.swift; path = OCP_After.swift; sourceTree = "<group>"; };
		FD62D2172C14674500ED7E79 /* LSP_Before.swift */ = {isa = PBXFileReference; lastKnownFileType = sourcecode.swift; path = LSP_Before.swift; sourceTree = "<group>"; };
		FD62D2192C14674F00ED7E79 /* LSP_After.swift */ = {isa = PBXFileReference; lastKnownFileType = sourcecode.swift; path = LSP_After.swift; sourceTree = "<group>"; };
		FD62D21B2C1470B800ED7E79 /* ISP_Before.swift */ = {isa = PBXFileReference; lastKnownFileType = sourcecode.swift; path = ISP_Before.swift; sourceTree = "<group>"; };
		FD62D21D2C1470C200ED7E79 /* ISP_After.swift */ = {isa = PBXFileReference; lastKnownFileType = sourcecode.swift; path = ISP_After.swift; sourceTree = "<group>"; };
		FD62D21F2C147D1200ED7E79 /* DIP_Before.swift */ = {isa = PBXFileReference; lastKnownFileType = sourcecode.swift; path = DIP_Before.swift; sourceTree = "<group>"; };
		FD62D2212C147D1E00ED7E79 /* DIP_After.swift */ = {isa = PBXFileReference; lastKnownFileType = sourcecode.swift; path = DIP_After.swift; sourceTree = "<group>"; };
		FD62D2252C1D95A500ED7E79 /* FromParentToDirectChild.swift */ = {isa = PBXFileReference; lastKnownFileType = sourcecode.swift; path = FromParentToDirectChild.swift; sourceTree = "<group>"; };
		FD62D2282C1D970300ED7E79 /* FromParentToDistantChild.swift */ = {isa = PBXFileReference; lastKnownFileType = sourcecode.swift; path = FromParentToDistantChild.swift; sourceTree = "<group>"; };
		FD62D22A2C1DA5A000ED7E79 /* FromParentToDistantChildExample.swift */ = {isa = PBXFileReference; lastKnownFileType = sourcecode.swift; path = FromParentToDistantChildExample.swift; sourceTree = "<group>"; };
		FD62D22E2C1E98F100ED7E79 /* FirstView.swift */ = {isa = PBXFileReference; lastKnownFileType = sourcecode.swift; path = FirstView.swift; sourceTree = "<group>"; };
		FD62D2302C1E98F900ED7E79 /* SecondView.swift */ = {isa = PBXFileReference; lastKnownFileType = sourcecode.swift; path = SecondView.swift; sourceTree = "<group>"; };
		FD62D2322C1E990500ED7E79 /* PurchaseView.swift */ = {isa = PBXFileReference; lastKnownFileType = sourcecode.swift; path = PurchaseView.swift; sourceTree = "<group>"; };
		FD62D2342C1E992F00ED7E79 /* AppStoreService.swift */ = {isa = PBXFileReference; lastKnownFileType = sourcecode.swift; path = AppStoreService.swift; sourceTree = "<group>"; };
		FD62D2362C1E994A00ED7E79 /* BackgroundViewModifier.swift */ = {isa = PBXFileReference; lastKnownFileType = sourcecode.swift; path = BackgroundViewModifier.swift; sourceTree = "<group>"; };
		FD62D2382C1E995900ED7E79 /* AppEntry.swift */ = {isa = PBXFileReference; lastKnownFileType = sourcecode.swift; path = AppEntry.swift; sourceTree = "<group>"; };
		FD62D23C2C1EA22B00ED7E79 /* AppColorKey.swift */ = {isa = PBXFileReference; lastKnownFileType = sourcecode.swift; path = AppColorKey.swift; sourceTree = "<group>"; };
		FD62D23E2C1ED96400ED7E79 /* AppPurchaseTheme.swift */ = {isa = PBXFileReference; lastKnownFileType = sourcecode.swift; path = AppPurchaseTheme.swift; sourceTree = "<group>"; };
		FD62D2402C1EDA7D00ED7E79 /* AppThemeKey.swift */ = {isa = PBXFileReference; lastKnownFileType = sourcecode.swift; path = AppThemeKey.swift; sourceTree = "<group>"; };
		FD62D2432C1EE59E00ED7E79 /* CustomEnvironmentKeysApp.swift */ = {isa = PBXFileReference; lastKnownFileType = sourcecode.swift; path = CustomEnvironmentKeysApp.swift; sourceTree = "<group>"; };
		FD62D2472C1EE60E00ED7E79 /* CustomEnvironmentKeysView.swift */ = {isa = PBXFileReference; lastKnownFileType = sourcecode.swift; path = CustomEnvironmentKeysView.swift; sourceTree = "<group>"; };
		FD62D24A2C1EE65000ED7E79 /* SafeAreaKey.swift */ = {isa = PBXFileReference; lastKnownFileType = sourcecode.swift; path = SafeAreaKey.swift; sourceTree = "<group>"; };
		FDDEECE92C0DFC8E0025E562 /* ImagePickerView.swift */ = {isa = PBXFileReference; lastKnownFileType = sourcecode.swift; path = ImagePickerView.swift; sourceTree = "<group>"; };
		FDDEECEB2C0E04340025E562 /* ImagePicker.swift */ = {isa = PBXFileReference; lastKnownFileType = sourcecode.swift; path = ImagePicker.swift; sourceTree = "<group>"; };
/* End PBXFileReference section */

/* Begin PBXFrameworksBuildPhase section */
		FD34BF0E2C0B28AF0078C1CB /* Frameworks */ = {
			isa = PBXFrameworksBuildPhase;
			buildActionMask = 2147483647;
			files = (
			);
			runOnlyForDeploymentPostprocessing = 0;
		};
/* End PBXFrameworksBuildPhase section */

/* Begin PBXGroup section */
		FD257F522C0F55440051669B /* SwiftUI_Components */ = {
			isa = PBXGroup;
			children = (
				FD257F532C0F555F0051669B /* ActionSheet */,
				FD257F562C0F56100051669B /* ActivityRing */,
				FD257F5B2C0F59320051669B /* ActivityView */,
				FD257F5E2C0F59DE0051669B /* Alert */,
				FD257F612C0F5A2B0051669B /* Button */,
				FD257F642C0F5A7B0051669B /* Chart */,
				FD257F6A2C0F5AD30051669B /* ColorPicker */,
				FD257F6D2C0F5B150051669B /* DisclosureGroup */,
				FD257F702C0F5B750051669B /* Gauge */,
				FD257F772C0F5C970051669B /* GroupBox */,
				FD257F7A2C0F5D0E0051669B /* Image */,
				FD257F7D2C0F5D890051669B /* Label */,
				FD257F802C0F5DBD0051669B /* Link */,
				FD257F852C0F5E600051669B /* List */,
				FD257F8C2C0F5F180051669B /* Menu */,
				FD257F8F2C0F5F6D0051669B /* PageControl */,
				FD257F952C0F605D0051669B /* Picker */,
				FD257F982C0F60A50051669B /* Popover */,
				FD257F9B2C0F60EA0051669B /* ProgressIndicator */,
				FD257F9E2C0F61370051669B /* ScrollView */,
				FD257FA12C0F61900051669B /* SegmentedControl */,
				FD257FA42C0F61CA0051669B /* Sheet */,
				FD257FA72C0F62130051669B /* Slider */,
				FD257FAA2C0F62510051669B /* SplitView */,
				FD257FAF2C0F62D80051669B /* Stepper */,
				FD257FB22C0F632A0051669B /* Table */,
				FD257FBF2C0F647F0051669B /* Text */,
				FD257FC22C0F64BB0051669B /* Textfields */,
				FD257FC52C0F650E0051669B /* Toggle */,
				FD257FC82C0F65650051669B /* Toolbar */,
				FD257FCB2C0F65E20051669B /* VirtualKeyboard */,
			);
			path = SwiftUI_Components;
			sourceTree = "<group>";
		};
		FD257F532C0F555F0051669B /* ActionSheet */ = {
			isa = PBXGroup;
			children = (
				FD257F542C0F55730051669B /* ActionSheetExample.swift */,
			);
			path = ActionSheet;
			sourceTree = "<group>";
		};
		FD257F562C0F56100051669B /* ActivityRing */ = {
			isa = PBXGroup;
			children = (
				FD257F572C0F56470051669B /* HKActivityRingViewRepresentable.swift */,
				FD257F592C0F58000051669B /* ActivityRingExample.swift */,
			);
			path = ActivityRing;
			sourceTree = "<group>";
		};
		FD257F5B2C0F59320051669B /* ActivityView */ = {
			isa = PBXGroup;
			children = (
				FD257F5C2C0F59410051669B /* ShareSheetExample.swift */,
			);
			path = ActivityView;
			sourceTree = "<group>";
		};
		FD257F5E2C0F59DE0051669B /* Alert */ = {
			isa = PBXGroup;
			children = (
				FD257F5F2C0F59EC0051669B /* AlertExample.swift */,
			);
			path = Alert;
			sourceTree = "<group>";
		};
		FD257F612C0F5A2B0051669B /* Button */ = {
			isa = PBXGroup;
			children = (
				FD257F622C0F5A3D0051669B /* ButtonExample.swift */,
			);
			path = Button;
			sourceTree = "<group>";
		};
		FD257F642C0F5A7B0051669B /* Chart */ = {
			isa = PBXGroup;
			children = (
				FD257F652C0F5A7B0051669B /* ChartModel */,
				FD257F672C0F5A7B0051669B /* BarChart.swift */,
			);
			path = Chart;
			sourceTree = "<group>";
		};
		FD257F652C0F5A7B0051669B /* ChartModel */ = {
			isa = PBXGroup;
			children = (
				FD257F662C0F5A7B0051669B /* Movie.swift */,
			);
			path = ChartModel;
			sourceTree = "<group>";
		};
		FD257F6A2C0F5AD30051669B /* ColorPicker */ = {
			isa = PBXGroup;
			children = (
				FD257F6B2C0F5AD30051669B /* ColorPickerExample.swift */,
			);
			path = ColorPicker;
			sourceTree = "<group>";
		};
		FD257F6D2C0F5B150051669B /* DisclosureGroup */ = {
			isa = PBXGroup;
			children = (
				FD257F6E2C0F5B150051669B /* DisclosureGroupExample.swift */,
			);
			path = DisclosureGroup;
			sourceTree = "<group>";
		};
		FD257F702C0F5B750051669B /* Gauge */ = {
			isa = PBXGroup;
			children = (
				FD257F712C0F5B750051669B /* SimpleGaugeExample.swift */,
				FD257F722C0F5B750051669B /* CircularGaugeExample.swift */,
				FD257F732C0F5B750051669B /* LabeledGaugeExample.swift */,
			);
			path = Gauge;
			sourceTree = "<group>";
		};
		FD257F772C0F5C970051669B /* GroupBox */ = {
			isa = PBXGroup;
			children = (
				FD257F782C0F5C970051669B /* GroupBoxExample.swift */,
			);
			path = GroupBox;
			sourceTree = "<group>";
		};
		FD257F7A2C0F5D0E0051669B /* Image */ = {
			isa = PBXGroup;
			children = (
				FD257F7B2C0F5D0E0051669B /* ImageView.swift */,
			);
			path = Image;
			sourceTree = "<group>";
		};
		FD257F7D2C0F5D890051669B /* Label */ = {
			isa = PBXGroup;
			children = (
				FD257F7E2C0F5D890051669B /* LabelExample.swift */,
			);
			path = Label;
			sourceTree = "<group>";
		};
		FD257F802C0F5DBD0051669B /* Link */ = {
			isa = PBXGroup;
			children = (
				FD257F812C0F5DBD0051669B /* CustomLinkButton.swift */,
				FD257F822C0F5DBD0051669B /* LinkExample.swift */,
			);
			path = Link;
			sourceTree = "<group>";
		};
		FD257F852C0F5E600051669B /* List */ = {
			isa = PBXGroup;
			children = (
				FD257F862C0F5E600051669B /* ListWithoutIdentifiable.swift */,
				FD257F872C0F5E600051669B /* ListSeparatorHidden.swift */,
				FD257F882C0F5E600051669B /* ListIdentifiable.swift */,
			);
			path = List;
			sourceTree = "<group>";
		};
		FD257F8C2C0F5F180051669B /* Menu */ = {
			isa = PBXGroup;
			children = (
				FD257F8D2C0F5F180051669B /* MenuExample.swift */,
			);
			path = Menu;
			sourceTree = "<group>";
		};
		FD257F8F2C0F5F6D0051669B /* PageControl */ = {
			isa = PBXGroup;
			children = (
				FD257F922C0F5FAF0051669B /* Tabbar */,
				FD257F902C0F5F6D0051669B /* PageControlExample.swift */,
			);
			path = PageControl;
			sourceTree = "<group>";
		};
		FD257F922C0F5FAF0051669B /* Tabbar */ = {
			isa = PBXGroup;
			children = (
				FD257F932C0F5FAF0051669B /* TabBarExample.swift */,
			);
			path = Tabbar;
			sourceTree = "<group>";
		};
		FD257F952C0F605D0051669B /* Picker */ = {
			isa = PBXGroup;
			children = (
				FD257F962C0F605D0051669B /* PickerExample.swift */,
			);
			path = Picker;
			sourceTree = "<group>";
		};
		FD257F982C0F60A50051669B /* Popover */ = {
			isa = PBXGroup;
			children = (
				FD257F992C0F60A50051669B /* PopoverExample.swift */,
			);
			path = Popover;
			sourceTree = "<group>";
		};
		FD257F9B2C0F60EA0051669B /* ProgressIndicator */ = {
			isa = PBXGroup;
			children = (
				FD257F9C2C0F60EA0051669B /* ProgressIndicatorExample.swift */,
			);
			path = ProgressIndicator;
			sourceTree = "<group>";
		};
		FD257F9E2C0F61370051669B /* ScrollView */ = {
			isa = PBXGroup;
			children = (
				FD257F9F2C0F61370051669B /* ScrollViewExample.swift */,
			);
			path = ScrollView;
			sourceTree = "<group>";
		};
		FD257FA12C0F61900051669B /* SegmentedControl */ = {
			isa = PBXGroup;
			children = (
				FD257FA22C0F61900051669B /* SegmentedControlExample.swift */,
			);
			path = SegmentedControl;
			sourceTree = "<group>";
		};
		FD257FA42C0F61CA0051669B /* Sheet */ = {
			isa = PBXGroup;
			children = (
				FD257FA52C0F61CA0051669B /* SheetExample.swift */,
			);
			path = Sheet;
			sourceTree = "<group>";
		};
		FD257FA72C0F62130051669B /* Slider */ = {
			isa = PBXGroup;
			children = (
				FD257FA82C0F62130051669B /* SliderExample.swift */,
			);
			path = Slider;
			sourceTree = "<group>";
		};
		FD257FAA2C0F62510051669B /* SplitView */ = {
			isa = PBXGroup;
			children = (
				FD257FAB2C0F62510051669B /* ThreeColumnSplitView.swift */,
				FD257FAC2C0F62510051669B /* SplitView.swift */,
			);
			path = SplitView;
			sourceTree = "<group>";
		};
		FD257FAF2C0F62D80051669B /* Stepper */ = {
			isa = PBXGroup;
			children = (
				FD257FB02C0F62D80051669B /* StepperExample.swift */,
			);
			path = Stepper;
			sourceTree = "<group>";
		};
		FD257FB22C0F632A0051669B /* Table */ = {
			isa = PBXGroup;
			children = (
				FD257FB32C0F632A0051669B /* TableColumnWidth.swift */,
				FD257FB42C0F632A0051669B /* TableStaticRow.swift */,
				FD257FB52C0F632A0051669B /* TableSelection.swift */,
				FD257FB62C0F632A0051669B /* TableDisclosureRow.swift */,
				FD257FB72C0F632A0051669B /* TableExample.swift */,
				FD257FB82C0F632A0051669B /* TableSorting.swift */,
			);
			path = Table;
			sourceTree = "<group>";
		};
		FD257FBF2C0F647F0051669B /* Text */ = {
			isa = PBXGroup;
			children = (
				FD257FC02C0F647F0051669B /* TextExample.swift */,
			);
			path = Text;
			sourceTree = "<group>";
		};
		FD257FC22C0F64BB0051669B /* Textfields */ = {
			isa = PBXGroup;
			children = (
				FD257FC32C0F64BC0051669B /* TextFieldExample.swift */,
			);
			path = Textfields;
			sourceTree = "<group>";
		};
		FD257FC52C0F650E0051669B /* Toggle */ = {
			isa = PBXGroup;
			children = (
				FD257FC62C0F650E0051669B /* ToggleExample.swift */,
			);
			path = Toggle;
			sourceTree = "<group>";
		};
		FD257FC82C0F65650051669B /* Toolbar */ = {
			isa = PBXGroup;
			children = (
				FD257FC92C0F65650051669B /* ToolbarExample.swift */,
			);
			path = Toolbar;
			sourceTree = "<group>";
		};
		FD257FCB2C0F65E20051669B /* VirtualKeyboard */ = {
			isa = PBXGroup;
			children = (
				FD257FCC2C0F65E20051669B /* TextInputTypeExample.swift */,
			);
			path = VirtualKeyboard;
			sourceTree = "<group>";
		};
		FD257FCE2C12229E0051669B /* S.O.L.I.D. */ = {
			isa = PBXGroup;
			children = (
				FD257FCF2C1222E40051669B /* SOLID.md */,
				FD257FD12C122BFC0051669B /* 1_SingleResponsibilityPrinciple */,
				FD62D20F2C145C3400ED7E79 /* 2_OpenClosedPrinciple */,
				FD62D2102C145C4500ED7E79 /* 3_LiskovSubstitutionPrinciple */,
				FD62D2112C145C5700ED7E79 /* 4_InterfaceSegregationPrinciple */,
				FD62D2122C145C6C00ED7E79 /* 5_DependencyInversionPrinciple */,
			);
			path = S.O.L.I.D.;
			sourceTree = "<group>";
		};
		FD257FD12C122BFC0051669B /* 1_SingleResponsibilityPrinciple */ = {
			isa = PBXGroup;
			children = (
				FD257FD22C122C510051669B /* SRP_Before.swift */,
				FD257FD42C122C5B0051669B /* SRP_After.swift */,
			);
			path = 1_SingleResponsibilityPrinciple;
			sourceTree = "<group>";
		};
		FD2F47562C21E65700CEE499 /* FromParentToDistantChildExample4 */ = {
			isa = PBXGroup;
			children = (
				FD2F47572C21E67500CEE499 /* ShippingForm.swift */,
				FD2F475B2C21F19800CEE499 /* TextInputField.swift */,
				FD2F47592C21E92900CEE499 /* ShippingAddress.swift */,
			);
			path = FromParentToDistantChildExample4;
			sourceTree = "<group>";
		};
		FD34BF082C0B28AF0078C1CB = {
			isa = PBXGroup;
			children = (
				FD34BF132C0B28AF0078C1CB /* SwiftUI_All_Rounders */,
				FD34BF122C0B28AF0078C1CB /* Products */,
			);
			sourceTree = "<group>";
		};
		FD34BF122C0B28AF0078C1CB /* Products */ = {
			isa = PBXGroup;
			children = (
				FD34BF112C0B28AF0078C1CB /* SwiftUI_All_Rounders.app */,
			);
			name = Products;
			sourceTree = "<group>";
		};
		FD34BF132C0B28AF0078C1CB /* SwiftUI_All_Rounders */ = {
			isa = PBXGroup;
			children = (
				FD34BF142C0B28AF0078C1CB /* SwiftUI_All_RoundersApp.swift */,
				FD34BF162C0B28AF0078C1CB /* ContentView.swift */,
				FD257FCE2C12229E0051669B /* S.O.L.I.D. */,
				FDDEECE82C0DFA0F0025E562 /* DesignPatterns */,
				FD257F522C0F55440051669B /* SwiftUI_Components */,
				FDDEECE42C0DF8770025E562 /* UI_UX */,
				FDDEECE52C0DF9440025E562 /* AppleKits */,
				FD34BF222C0B2AA10078C1CB /* Playgrounds */,
				FD34BF182C0B28B30078C1CB /* Assets.xcassets */,
				FD34BF1A2C0B28B30078C1CB /* Preview Content */,
			);
			path = SwiftUI_All_Rounders;
			sourceTree = "<group>";
		};
		FD34BF1A2C0B28B30078C1CB /* Preview Content */ = {
			isa = PBXGroup;
			children = (
				FD34BF1B2C0B28B30078C1CB /* Preview Assets.xcassets */,
			);
			path = "Preview Content";
			sourceTree = "<group>";
		};
		FD34BF222C0B2AA10078C1CB /* Playgrounds */ = {
			isa = PBXGroup;
			children = (
				FD34BF242C0B2B240078C1CB /* Adapter&UIViewRepresentable */,
			);
			path = Playgrounds;
			sourceTree = "<group>";
		};
		FD34BF242C0B2B240078C1CB /* Adapter&UIViewRepresentable */ = {
			isa = PBXGroup;
			children = (
			);
			path = "Adapter&UIViewRepresentable";
			sourceTree = "<group>";
		};
		FD34BF252C0B2B380078C1CB /* Adapter&UIViewRepresentable */ = {
			isa = PBXGroup;
			children = (
				FD34BF262C0B2B420078C1CB /* WebViewInSwiftUI */,
			);
			path = "Adapter&UIViewRepresentable";
			sourceTree = "<group>";
		};
		FD34BF262C0B2B420078C1CB /* WebViewInSwiftUI */ = {
			isa = PBXGroup;
			children = (
				FD34BF272C0B2C740078C1CB /* WebView.swift */,
				FD34BF292C0B41350078C1CB /* WebViewInSwiftUI.swift */,
			);
			path = WebViewInSwiftUI;
			sourceTree = "<group>";
		};
		FD62D20F2C145C3400ED7E79 /* 2_OpenClosedPrinciple */ = {
			isa = PBXGroup;
			children = (
				FD62D2132C145C9D00ED7E79 /* OCP_Before.swift */,
				FD62D2152C145CA600ED7E79 /* OCP_After.swift */,
			);
			path = 2_OpenClosedPrinciple;
			sourceTree = "<group>";
		};
		FD62D2102C145C4500ED7E79 /* 3_LiskovSubstitutionPrinciple */ = {
			isa = PBXGroup;
			children = (
				FD62D2172C14674500ED7E79 /* LSP_Before.swift */,
				FD62D2192C14674F00ED7E79 /* LSP_After.swift */,
			);
			path = 3_LiskovSubstitutionPrinciple;
			sourceTree = "<group>";
		};
		FD62D2112C145C5700ED7E79 /* 4_InterfaceSegregationPrinciple */ = {
			isa = PBXGroup;
			children = (
				FD62D21B2C1470B800ED7E79 /* ISP_Before.swift */,
				FD62D21D2C1470C200ED7E79 /* ISP_After.swift */,
			);
			path = 4_InterfaceSegregationPrinciple;
			sourceTree = "<group>";
		};
		FD62D2122C145C6C00ED7E79 /* 5_DependencyInversionPrinciple */ = {
			isa = PBXGroup;
			children = (
				FD62D21F2C147D1200ED7E79 /* DIP_Before.swift */,
				FD62D2212C147D1E00ED7E79 /* DIP_After.swift */,
			);
			path = 5_DependencyInversionPrinciple;
			sourceTree = "<group>";
		};
		FD62D2232C1D947700ED7E79 /* ViewCommunicationPatternsInSwiftUI */ = {
			isa = PBXGroup;
			children = (
				FD62D2242C1D94B400ED7E79 /* From_Parent_To_Direct_Child */,
				FD62D2272C1D96B500ED7E79 /* From_Parent_To_Distant_Child */,
			);
			path = ViewCommunicationPatternsInSwiftUI;
			sourceTree = "<group>";
		};
		FD62D2242C1D94B400ED7E79 /* From_Parent_To_Direct_Child */ = {
			isa = PBXGroup;
			children = (
				FD62D2252C1D95A500ED7E79 /* FromParentToDirectChild.swift */,
			);
			path = From_Parent_To_Direct_Child;
			sourceTree = "<group>";
		};
		FD62D2272C1D96B500ED7E79 /* From_Parent_To_Distant_Child */ = {
			isa = PBXGroup;
			children = (
				FD62D2282C1D970300ED7E79 /* FromParentToDistantChild.swift */,
				FD62D22A2C1DA5A000ED7E79 /* FromParentToDistantChildExample.swift */,
				FD62D22C2C1E973C00ED7E79 /* FromParentToDistantChildExample2 */,
				FD62D2422C1EE4E500ED7E79 /* FromParentToDistantChildExample3 */,
				FD2F47562C21E65700CEE499 /* FromParentToDistantChildExample4 */,
			);
			path = From_Parent_To_Distant_Child;
			sourceTree = "<group>";
		};
		FD62D22C2C1E973C00ED7E79 /* FromParentToDistantChildExample2 */ = {
			isa = PBXGroup;
			children = (
				FD62D2382C1E995900ED7E79 /* AppEntry.swift */,
				FD62D2362C1E994A00ED7E79 /* BackgroundViewModifier.swift */,
				FD62D23E2C1ED96400ED7E79 /* AppPurchaseTheme.swift */,
				FD62D23B2C1EA1F200ED7E79 /* EnvironmentKeys */,
				FD62D22D2C1E98E000ED7E79 /* Views */,
				FD62D23A2C1E999900ED7E79 /* ViewModel */,
			);
			path = FromParentToDistantChildExample2;
			sourceTree = "<group>";
		};
		FD62D22D2C1E98E000ED7E79 /* Views */ = {
			isa = PBXGroup;
			children = (
				FD62D22E2C1E98F100ED7E79 /* FirstView.swift */,
				FD62D2302C1E98F900ED7E79 /* SecondView.swift */,
				FD62D2322C1E990500ED7E79 /* PurchaseView.swift */,
			);
			path = Views;
			sourceTree = "<group>";
		};
		FD62D23A2C1E999900ED7E79 /* ViewModel */ = {
			isa = PBXGroup;
			children = (
				FD62D2342C1E992F00ED7E79 /* AppStoreService.swift */,
			);
			path = ViewModel;
			sourceTree = "<group>";
		};
		FD62D23B2C1EA1F200ED7E79 /* EnvironmentKeys */ = {
			isa = PBXGroup;
			children = (
				FD62D23C2C1EA22B00ED7E79 /* AppColorKey.swift */,
				FD62D2402C1EDA7D00ED7E79 /* AppThemeKey.swift */,
			);
			path = EnvironmentKeys;
			sourceTree = "<group>";
		};
		FD62D2422C1EE4E500ED7E79 /* FromParentToDistantChildExample3 */ = {
			isa = PBXGroup;
			children = (
				FD62D2492C1EE62400ED7E79 /* EnvironmentKeys */,
				FD62D2432C1EE59E00ED7E79 /* CustomEnvironmentKeysApp.swift */,
				FD62D2472C1EE60E00ED7E79 /* CustomEnvironmentKeysView.swift */,
			);
			path = FromParentToDistantChildExample3;
			sourceTree = "<group>";
		};
		FD62D2492C1EE62400ED7E79 /* EnvironmentKeys */ = {
			isa = PBXGroup;
			children = (
				FD62D24A2C1EE65000ED7E79 /* SafeAreaKey.swift */,
			);
			path = EnvironmentKeys;
			sourceTree = "<group>";
		};
		FDDEECE42C0DF8770025E562 /* UI_UX */ = {
			isa = PBXGroup;
			children = (
			);
			path = UI_UX;
			sourceTree = "<group>";
		};
		FDDEECE52C0DF9440025E562 /* AppleKits */ = {
			isa = PBXGroup;
			children = (
				FDDEECE72C0DF9DC0025E562 /* ImagePickers */,
				FDDEECE62C0DF9500025E562 /* WebViewUIKitInSwiftUI */,
			);
			path = AppleKits;
			sourceTree = "<group>";
		};
		FDDEECE62C0DF9500025E562 /* WebViewUIKitInSwiftUI */ = {
			isa = PBXGroup;
			children = (
				FD34BF252C0B2B380078C1CB /* Adapter&UIViewRepresentable */,
			);
			path = WebViewUIKitInSwiftUI;
			sourceTree = "<group>";
		};
		FDDEECE72C0DF9DC0025E562 /* ImagePickers */ = {
			isa = PBXGroup;
			children = (
				FDDEECE92C0DFC8E0025E562 /* ImagePickerView.swift */,
				FDDEECEB2C0E04340025E562 /* ImagePicker.swift */,
			);
			path = ImagePickers;
			sourceTree = "<group>";
		};
		FDDEECE82C0DFA0F0025E562 /* DesignPatterns */ = {
			isa = PBXGroup;
			children = (
				FD62D2232C1D947700ED7E79 /* ViewCommunicationPatternsInSwiftUI */,
			);
			path = DesignPatterns;
			sourceTree = "<group>";
		};
/* End PBXGroup section */

/* Begin PBXNativeTarget section */
		FD34BF102C0B28AF0078C1CB /* SwiftUI_All_Rounders */ = {
			isa = PBXNativeTarget;
			buildConfigurationList = FD34BF1F2C0B28B30078C1CB /* Build configuration list for PBXNativeTarget "SwiftUI_All_Rounders" */;
			buildPhases = (
				FD34BF0D2C0B28AF0078C1CB /* Sources */,
				FD34BF0E2C0B28AF0078C1CB /* Frameworks */,
				FD34BF0F2C0B28AF0078C1CB /* Resources */,
			);
			buildRules = (
			);
			dependencies = (
			);
			name = SwiftUI_All_Rounders;
			productName = SwiftUI_All_Rounders;
			productReference = FD34BF112C0B28AF0078C1CB /* SwiftUI_All_Rounders.app */;
			productType = "com.apple.product-type.application";
		};
/* End PBXNativeTarget section */

/* Begin PBXProject section */
		FD34BF092C0B28AF0078C1CB /* Project object */ = {
			isa = PBXProject;
			attributes = {
				BuildIndependentTargetsInParallel = 1;
				LastSwiftUpdateCheck = 1420;
				LastUpgradeCheck = 1420;
				TargetAttributes = {
					FD34BF102C0B28AF0078C1CB = {
						CreatedOnToolsVersion = 14.2;
					};
				};
			};
			buildConfigurationList = FD34BF0C2C0B28AF0078C1CB /* Build configuration list for PBXProject "SwiftUI_All_Rounders" */;
			compatibilityVersion = "Xcode 14.0";
			developmentRegion = en;
			hasScannedForEncodings = 0;
			knownRegions = (
				en,
				Base,
			);
			mainGroup = FD34BF082C0B28AF0078C1CB;
			productRefGroup = FD34BF122C0B28AF0078C1CB /* Products */;
			projectDirPath = "";
			projectRoot = "";
			targets = (
				FD34BF102C0B28AF0078C1CB /* SwiftUI_All_Rounders */,
			);
		};
/* End PBXProject section */

/* Begin PBXResourcesBuildPhase section */
		FD34BF0F2C0B28AF0078C1CB /* Resources */ = {
			isa = PBXResourcesBuildPhase;
			buildActionMask = 2147483647;
			files = (
				FD34BF1C2C0B28B30078C1CB /* Preview Assets.xcassets in Resources */,
				FD34BF192C0B28B30078C1CB /* Assets.xcassets in Resources */,
			);
			runOnlyForDeploymentPostprocessing = 0;
		};
/* End PBXResourcesBuildPhase section */

/* Begin PBXSourcesBuildPhase section */
		FD34BF0D2C0B28AF0078C1CB /* Sources */ = {
			isa = PBXSourcesBuildPhase;
			buildActionMask = 2147483647;
			files = (
				FD62D23F2C1ED96400ED7E79 /* AppPurchaseTheme.swift in Sources */,
				FD257FD52C122C5B0051669B /* SRP_After.swift in Sources */,
				FD62D2292C1D970300ED7E79 /* FromParentToDistantChild.swift in Sources */,
				FD62D2392C1E995900ED7E79 /* AppEntry.swift in Sources */,
				FD257F892C0F5E600051669B /* ListWithoutIdentifiable.swift in Sources */,
				FD34BF2A2C0B41350078C1CB /* WebViewInSwiftUI.swift in Sources */,
				FD34BF282C0B2C740078C1CB /* WebView.swift in Sources */,
				FDDEECEA2C0DFC8E0025E562 /* ImagePickerView.swift in Sources */,
				FD257FA02C0F61370051669B /* ScrollViewExample.swift in Sources */,
				FD257F7F2C0F5D890051669B /* LabelExample.swift in Sources */,
				FD62D22B2C1DA5A000ED7E79 /* FromParentToDistantChildExample.swift in Sources */,
				FD257FC42C0F64BC0051669B /* TextFieldExample.swift in Sources */,
				FD2F475A2C21E92900CEE499 /* ShippingAddress.swift in Sources */,
				FDDEECEC2C0E04340025E562 /* ImagePicker.swift in Sources */,
				FD257FBE2C0F632A0051669B /* TableSorting.swift in Sources */,
				FD257F9A2C0F60A50051669B /* PopoverExample.swift in Sources */,
				FD257FBC2C0F632A0051669B /* TableDisclosureRow.swift in Sources */,
				FD257F762C0F5B750051669B /* LabeledGaugeExample.swift in Sources */,
				FD257FCD2C0F65E20051669B /* TextInputTypeExample.swift in Sources */,
				FD257F912C0F5F6D0051669B /* PageControlExample.swift in Sources */,
				FD257F842C0F5DBD0051669B /* LinkExample.swift in Sources */,
				FD257FBD2C0F632A0051669B /* TableExample.swift in Sources */,
				FD257F6C2C0F5AD30051669B /* ColorPickerExample.swift in Sources */,
				FD257F552C0F55730051669B /* ActionSheetExample.swift in Sources */,
				FD257F8B2C0F5E600051669B /* ListIdentifiable.swift in Sources */,
				FD257FAD2C0F62510051669B /* ThreeColumnSplitView.swift in Sources */,
				FD257FA92C0F62140051669B /* SliderExample.swift in Sources */,
				FD34BF172C0B28AF0078C1CB /* ContentView.swift in Sources */,
				FD257F752C0F5B750051669B /* CircularGaugeExample.swift in Sources */,
				FD257F8E2C0F5F190051669B /* MenuExample.swift in Sources */,
				FD257FBA2C0F632A0051669B /* TableStaticRow.swift in Sources */,
				FD257FC72C0F650E0051669B /* ToggleExample.swift in Sources */,
				FD62D2142C145C9D00ED7E79 /* OCP_Before.swift in Sources */,
				FD62D2222C147D1E00ED7E79 /* DIP_After.swift in Sources */,
				FD62D2182C14674500ED7E79 /* LSP_Before.swift in Sources */,
				FD62D2372C1E994A00ED7E79 /* BackgroundViewModifier.swift in Sources */,
				FD62D21C2C1470B800ED7E79 /* ISP_Before.swift in Sources */,
				FD62D2482C1EE60E00ED7E79 /* CustomEnvironmentKeysView.swift in Sources */,
				FD257F5D2C0F59410051669B /* ShareSheetExample.swift in Sources */,
				FD257F942C0F5FAF0051669B /* TabBarExample.swift in Sources */,
				FD257F792C0F5C970051669B /* GroupBoxExample.swift in Sources */,
				FD34BF152C0B28AF0078C1CB /* SwiftUI_All_RoundersApp.swift in Sources */,
				FD257F7C2C0F5D0E0051669B /* ImageView.swift in Sources */,
				FD257F682C0F5A7B0051669B /* Movie.swift in Sources */,
				FD257F832C0F5DBD0051669B /* CustomLinkButton.swift in Sources */,
				FD62D2332C1E990500ED7E79 /* PurchaseView.swift in Sources */,
				FD257FA32C0F61900051669B /* SegmentedControlExample.swift in Sources */,
				FD62D21E2C1470C200ED7E79 /* ISP_After.swift in Sources */,
				FD62D2352C1E992F00ED7E79 /* AppStoreService.swift in Sources */,
				FD62D23D2C1EA22B00ED7E79 /* AppColorKey.swift in Sources */,
				FD257FD32C122C510051669B /* SRP_Before.swift in Sources */,
				FD257F602C0F59EC0051669B /* AlertExample.swift in Sources */,
				FD257FB92C0F632A0051669B /* TableColumnWidth.swift in Sources */,
				FD257FA62C0F61CA0051669B /* SheetExample.swift in Sources */,
				FD62D22F2C1E98F100ED7E79 /* FirstView.swift in Sources */,
				FD62D21A2C14674F00ED7E79 /* LSP_After.swift in Sources */,
				FD257F9D2C0F60EA0051669B /* ProgressIndicatorExample.swift in Sources */,
				FD62D2162C145CA600ED7E79 /* OCP_After.swift in Sources */,
				FD257F582C0F56470051669B /* HKActivityRingViewRepresentable.swift in Sources */,
				FD257F632C0F5A3D0051669B /* ButtonExample.swift in Sources */,
				FD62D2412C1EDA7D00ED7E79 /* AppThemeKey.swift in Sources */,
				FD2F475C2C21F19800CEE499 /* TextInputField.swift in Sources */,
				FD257FC12C0F647F0051669B /* TextExample.swift in Sources */,
				FD257FAE2C0F62510051669B /* SplitView.swift in Sources */,
				FD62D2202C147D1200ED7E79 /* DIP_Before.swift in Sources */,
				FD257F6F2C0F5B150051669B /* DisclosureGroupExample.swift in Sources */,
				FD257F692C0F5A7B0051669B /* BarChart.swift in Sources */,
				FD62D24B2C1EE65000ED7E79 /* SafeAreaKey.swift in Sources */,
				FD257F742C0F5B750051669B /* SimpleGaugeExample.swift in Sources */,
				FD257FCA2C0F65650051669B /* ToolbarExample.swift in Sources */,
				FD62D2262C1D95A500ED7E79 /* FromParentToDirectChild.swift in Sources */,
				FD62D2312C1E98F900ED7E79 /* SecondView.swift in Sources */,
				FD2F47582C21E67500CEE499 /* ShippingForm.swift in Sources */,
				FD257F972C0F605D0051669B /* PickerExample.swift in Sources */,
				FD257F5A2C0F58000051669B /* ActivityRingExample.swift in Sources */,
				FD62D2442C1EE59E00ED7E79 /* CustomEnvironmentKeysApp.swift in Sources */,
				FD257FBB2C0F632A0051669B /* TableSelection.swift in Sources */,
				FD257FB12C0F62D80051669B /* StepperExample.swift in Sources */,
				FD257F8A2C0F5E600051669B /* ListSeparatorHidden.swift in Sources */,
			);
			runOnlyForDeploymentPostprocessing = 0;
		};
/* End PBXSourcesBuildPhase section */

/* Begin XCBuildConfiguration section */
		FD34BF1D2C0B28B30078C1CB /* Debug */ = {
			isa = XCBuildConfiguration;
			buildSettings = {
				ALWAYS_SEARCH_USER_PATHS = NO;
				CLANG_ANALYZER_NONNULL = YES;
				CLANG_ANALYZER_NUMBER_OBJECT_CONVERSION = YES_AGGRESSIVE;
				CLANG_CXX_LANGUAGE_STANDARD = "gnu++20";
				CLANG_ENABLE_MODULES = YES;
				CLANG_ENABLE_OBJC_ARC = YES;
				CLANG_ENABLE_OBJC_WEAK = YES;
				CLANG_WARN_BLOCK_CAPTURE_AUTORELEASING = YES;
				CLANG_WARN_BOOL_CONVERSION = YES;
				CLANG_WARN_COMMA = YES;
				CLANG_WARN_CONSTANT_CONVERSION = YES;
				CLANG_WARN_DEPRECATED_OBJC_IMPLEMENTATIONS = YES;
				CLANG_WARN_DIRECT_OBJC_ISA_USAGE = YES_ERROR;
				CLANG_WARN_DOCUMENTATION_COMMENTS = YES;
				CLANG_WARN_EMPTY_BODY = YES;
				CLANG_WARN_ENUM_CONVERSION = YES;
				CLANG_WARN_INFINITE_RECURSION = YES;
				CLANG_WARN_INT_CONVERSION = YES;
				CLANG_WARN_NON_LITERAL_NULL_CONVERSION = YES;
				CLANG_WARN_OBJC_IMPLICIT_RETAIN_SELF = YES;
				CLANG_WARN_OBJC_LITERAL_CONVERSION = YES;
				CLANG_WARN_OBJC_ROOT_CLASS = YES_ERROR;
				CLANG_WARN_QUOTED_INCLUDE_IN_FRAMEWORK_HEADER = YES;
				CLANG_WARN_RANGE_LOOP_ANALYSIS = YES;
				CLANG_WARN_STRICT_PROTOTYPES = YES;
				CLANG_WARN_SUSPICIOUS_MOVE = YES;
				CLANG_WARN_UNGUARDED_AVAILABILITY = YES_AGGRESSIVE;
				CLANG_WARN_UNREACHABLE_CODE = YES;
				CLANG_WARN__DUPLICATE_METHOD_MATCH = YES;
				COPY_PHASE_STRIP = NO;
				DEBUG_INFORMATION_FORMAT = dwarf;
				ENABLE_STRICT_OBJC_MSGSEND = YES;
				ENABLE_TESTABILITY = YES;
				GCC_C_LANGUAGE_STANDARD = gnu11;
				GCC_DYNAMIC_NO_PIC = NO;
				GCC_NO_COMMON_BLOCKS = YES;
				GCC_OPTIMIZATION_LEVEL = 0;
				GCC_PREPROCESSOR_DEFINITIONS = (
					"DEBUG=1",
					"$(inherited)",
				);
				GCC_WARN_64_TO_32_BIT_CONVERSION = YES;
				GCC_WARN_ABOUT_RETURN_TYPE = YES_ERROR;
				GCC_WARN_UNDECLARED_SELECTOR = YES;
				GCC_WARN_UNINITIALIZED_AUTOS = YES_AGGRESSIVE;
				GCC_WARN_UNUSED_FUNCTION = YES;
				GCC_WARN_UNUSED_VARIABLE = YES;
				IPHONEOS_DEPLOYMENT_TARGET = 16.2;
				MTL_ENABLE_DEBUG_INFO = INCLUDE_SOURCE;
				MTL_FAST_MATH = YES;
				ONLY_ACTIVE_ARCH = YES;
				SDKROOT = iphoneos;
				SWIFT_ACTIVE_COMPILATION_CONDITIONS = DEBUG;
				SWIFT_OPTIMIZATION_LEVEL = "-Onone";
			};
			name = Debug;
		};
		FD34BF1E2C0B28B30078C1CB /* Release */ = {
			isa = XCBuildConfiguration;
			buildSettings = {
				ALWAYS_SEARCH_USER_PATHS = NO;
				CLANG_ANALYZER_NONNULL = YES;
				CLANG_ANALYZER_NUMBER_OBJECT_CONVERSION = YES_AGGRESSIVE;
				CLANG_CXX_LANGUAGE_STANDARD = "gnu++20";
				CLANG_ENABLE_MODULES = YES;
				CLANG_ENABLE_OBJC_ARC = YES;
				CLANG_ENABLE_OBJC_WEAK = YES;
				CLANG_WARN_BLOCK_CAPTURE_AUTORELEASING = YES;
				CLANG_WARN_BOOL_CONVERSION = YES;
				CLANG_WARN_COMMA = YES;
				CLANG_WARN_CONSTANT_CONVERSION = YES;
				CLANG_WARN_DEPRECATED_OBJC_IMPLEMENTATIONS = YES;
				CLANG_WARN_DIRECT_OBJC_ISA_USAGE = YES_ERROR;
				CLANG_WARN_DOCUMENTATION_COMMENTS = YES;
				CLANG_WARN_EMPTY_BODY = YES;
				CLANG_WARN_ENUM_CONVERSION = YES;
				CLANG_WARN_INFINITE_RECURSION = YES;
				CLANG_WARN_INT_CONVERSION = YES;
				CLANG_WARN_NON_LITERAL_NULL_CONVERSION = YES;
				CLANG_WARN_OBJC_IMPLICIT_RETAIN_SELF = YES;
				CLANG_WARN_OBJC_LITERAL_CONVERSION = YES;
				CLANG_WARN_OBJC_ROOT_CLASS = YES_ERROR;
				CLANG_WARN_QUOTED_INCLUDE_IN_FRAMEWORK_HEADER = YES;
				CLANG_WARN_RANGE_LOOP_ANALYSIS = YES;
				CLANG_WARN_STRICT_PROTOTYPES = YES;
				CLANG_WARN_SUSPICIOUS_MOVE = YES;
				CLANG_WARN_UNGUARDED_AVAILABILITY = YES_AGGRESSIVE;
				CLANG_WARN_UNREACHABLE_CODE = YES;
				CLANG_WARN__DUPLICATE_METHOD_MATCH = YES;
				COPY_PHASE_STRIP = NO;
				DEBUG_INFORMATION_FORMAT = "dwarf-with-dsym";
				ENABLE_NS_ASSERTIONS = NO;
				ENABLE_STRICT_OBJC_MSGSEND = YES;
				GCC_C_LANGUAGE_STANDARD = gnu11;
				GCC_NO_COMMON_BLOCKS = YES;
				GCC_WARN_64_TO_32_BIT_CONVERSION = YES;
				GCC_WARN_ABOUT_RETURN_TYPE = YES_ERROR;
				GCC_WARN_UNDECLARED_SELECTOR = YES;
				GCC_WARN_UNINITIALIZED_AUTOS = YES_AGGRESSIVE;
				GCC_WARN_UNUSED_FUNCTION = YES;
				GCC_WARN_UNUSED_VARIABLE = YES;
				IPHONEOS_DEPLOYMENT_TARGET = 16.2;
				MTL_ENABLE_DEBUG_INFO = NO;
				MTL_FAST_MATH = YES;
				SDKROOT = iphoneos;
				SWIFT_COMPILATION_MODE = wholemodule;
				SWIFT_OPTIMIZATION_LEVEL = "-O";
				VALIDATE_PRODUCT = YES;
			};
			name = Release;
		};
		FD34BF202C0B28B30078C1CB /* Debug */ = {
			isa = XCBuildConfiguration;
			buildSettings = {
				ASSETCATALOG_COMPILER_APPICON_NAME = AppIcon;
				ASSETCATALOG_COMPILER_GLOBAL_ACCENT_COLOR_NAME = AccentColor;
				CODE_SIGN_STYLE = Automatic;
				CURRENT_PROJECT_VERSION = 1;
				DEVELOPMENT_ASSET_PATHS = "\"SwiftUI_All_Rounders/Preview Content\"";
				DEVELOPMENT_TEAM = XP6V4T4UU6;
				ENABLE_PREVIEWS = YES;
				GENERATE_INFOPLIST_FILE = YES;
				INFOPLIST_KEY_NSCameraUsageDescription = "$(PRODUCT_NAME) wants to take picture";
				INFOPLIST_KEY_NSPhotoLibraryAddUsageDescription = "$(PRODUCT_NAME) wants to pick photo from Library";
				INFOPLIST_KEY_UIApplicationSceneManifest_Generation = YES;
				INFOPLIST_KEY_UIApplicationSupportsIndirectInputEvents = YES;
				INFOPLIST_KEY_UILaunchScreen_Generation = YES;
				INFOPLIST_KEY_UISupportedInterfaceOrientations_iPad = "UIInterfaceOrientationPortrait UIInterfaceOrientationPortraitUpsideDown UIInterfaceOrientationLandscapeLeft UIInterfaceOrientationLandscapeRight";
				INFOPLIST_KEY_UISupportedInterfaceOrientations_iPhone = "UIInterfaceOrientationPortrait UIInterfaceOrientationLandscapeLeft UIInterfaceOrientationLandscapeRight";
				LD_RUNPATH_SEARCH_PATHS = (
					"$(inherited)",
					"@executable_path/Frameworks",
				);
				MARKETING_VERSION = 1.0;
				PRODUCT_BUNDLE_IDENTIFIER = "com.blacenova.SwiftUI-All-Rounders";
				PRODUCT_NAME = "$(TARGET_NAME)";
				SWIFT_EMIT_LOC_STRINGS = YES;
				SWIFT_VERSION = 5.0;
				TARGETED_DEVICE_FAMILY = "1,2";
			};
			name = Debug;
		};
		FD34BF212C0B28B30078C1CB /* Release */ = {
			isa = XCBuildConfiguration;
			buildSettings = {
				ASSETCATALOG_COMPILER_APPICON_NAME = AppIcon;
				ASSETCATALOG_COMPILER_GLOBAL_ACCENT_COLOR_NAME = AccentColor;
				CODE_SIGN_STYLE = Automatic;
				CURRENT_PROJECT_VERSION = 1;
				DEVELOPMENT_ASSET_PATHS = "\"SwiftUI_All_Rounders/Preview Content\"";
				DEVELOPMENT_TEAM = XP6V4T4UU6;
				ENABLE_PREVIEWS = YES;
				GENERATE_INFOPLIST_FILE = YES;
				INFOPLIST_KEY_NSCameraUsageDescription = "$(PRODUCT_NAME) wants to take picture";
				INFOPLIST_KEY_NSPhotoLibraryAddUsageDescription = "$(PRODUCT_NAME) wants to pick photo from Library";
				INFOPLIST_KEY_UIApplicationSceneManifest_Generation = YES;
				INFOPLIST_KEY_UIApplicationSupportsIndirectInputEvents = YES;
				INFOPLIST_KEY_UILaunchScreen_Generation = YES;
				INFOPLIST_KEY_UISupportedInterfaceOrientations_iPad = "UIInterfaceOrientationPortrait UIInterfaceOrientationPortraitUpsideDown UIInterfaceOrientationLandscapeLeft UIInterfaceOrientationLandscapeRight";
				INFOPLIST_KEY_UISupportedInterfaceOrientations_iPhone = "UIInterfaceOrientationPortrait UIInterfaceOrientationLandscapeLeft UIInterfaceOrientationLandscapeRight";
				LD_RUNPATH_SEARCH_PATHS = (
					"$(inherited)",
					"@executable_path/Frameworks",
				);
				MARKETING_VERSION = 1.0;
				PRODUCT_BUNDLE_IDENTIFIER = "com.blacenova.SwiftUI-All-Rounders";
				PRODUCT_NAME = "$(TARGET_NAME)";
				SWIFT_EMIT_LOC_STRINGS = YES;
				SWIFT_VERSION = 5.0;
				TARGETED_DEVICE_FAMILY = "1,2";
			};
			name = Release;
		};
/* End XCBuildConfiguration section */

/* Begin XCConfigurationList section */
		FD34BF0C2C0B28AF0078C1CB /* Build configuration list for PBXProject "SwiftUI_All_Rounders" */ = {
			isa = XCConfigurationList;
			buildConfigurations = (
				FD34BF1D2C0B28B30078C1CB /* Debug */,
				FD34BF1E2C0B28B30078C1CB /* Release */,
			);
			defaultConfigurationIsVisible = 0;
			defaultConfigurationName = Release;
		};
		FD34BF1F2C0B28B30078C1CB /* Build configuration list for PBXNativeTarget "SwiftUI_All_Rounders" */ = {
			isa = XCConfigurationList;
			buildConfigurations = (
				FD34BF202C0B28B30078C1CB /* Debug */,
				FD34BF212C0B28B30078C1CB /* Release */,
			);
			defaultConfigurationIsVisible = 0;
			defaultConfigurationName = Release;
		};
/* End XCConfigurationList section */
	};
	rootObject = FD34BF092C0B28AF0078C1CB /* Project object */;
}
